
Microsoft Visual Studio Solution File, Format Version 12.00
# Visual Studio Version 16
VisualStudioVersion = 16.0.30320.27
MinimumVisualStudioVersion = 10.0.40219.1
Project("{FAE04EC0-301F-11D3-BF4B-00C04F79EFBC}") = "CheckDyslexia", "CheckDyslexia.csproj", "{46B79E0E-46DC-4D0D-AF08-E868F1B1470F}"
EndProject
Global
	GlobalSection(SolutionConfigurationPlatforms) = preSolution
		Debug|x64 = Debug|x64
		Debug|x86 = Debug|x86
		Release|x64 = Release|x64
		Release|x86 = Release|x86
	EndGlobalSection
	GlobalSection(ProjectConfigurationPlatforms) = postSolution
		{46B79E0E-46DC-4D0D-AF08-E868F1B1470F}.Debug|x64.ActiveCfg = Debug|x64
		{46B79E0E-46DC-4D0D-AF08-E868F1B1470F}.Debug|x64.Build.0 = Debug|x64
		{46B79E0E-46DC-4D0D-AF08-E868F1B1470F}.Debug|x86.ActiveCfg = Debug|x86
		{46B79E0E-46DC-4D0D-AF08-E868F1B1470F}.Debug|x86.Build.0 = Debug|x86
		{46B79E0E-46DC-4D0D-AF08-E868F1B1470F}.Release|x64.ActiveCfg = Release|x64
		{46B79E0E-46DC-4D0D-AF08-E868F1B1470F}.Release|x64.Build.0 = Release|x64
		{46B79E0E-46DC-4D0D-AF08-E868F1B1470F}.Release|x86.ActiveCfg = Release|x86
		{46B79E0E-46DC-4D0D-AF08-E868F1B1470F}.Release|x86.Build.0 = Release|x86
	EndGlobalSection
	GlobalSection(SolutionProperties) = preSolution
		HideSolutionNode = FALSE
	EndGlobalSection
	GlobalSection(ExtensibilityGlobals) = postSolution
		SolutionGuid = {E9FD884B-12D6-4693-9E0A-77FC579FED8F}
	EndGlobalSection
EndGlobal
